
Microsoft Visual Studio Solution File, Format Version 12.00
# Visual Studio 14
VisualStudioVersion = 14.0.25420.1
MinimumVisualStudioVersion = 10.0.40219.1
Project("{FAE04EC0-301F-11D3-BF4B-00C04F79EFBC}") = "01_Delegates", "01_Delegates\01_Delegates.csproj", "{2E39EB01-D77F-4D2B-A81D-C37FEEF070FD}"
EndProject
Project("{FAE04EC0-301F-11D3-BF4B-00C04F79EFBC}") = "02_Delegates", "02_Delegates\02_Delegates.csproj", "{993187DE-B129-4D39-B878-B4A1C249DD68}"
EndProject
Project("{FAE04EC0-301F-11D3-BF4B-00C04F79EFBC}") = "03_Eventos", "03_Eventos\03_Eventos.csproj", "{4EBC5D44-50EA-459B-A793-9562B578D87B}"
EndProject
Project("{FAE04EC0-301F-11D3-BF4B-00C04F79EFBC}") = "04_DelegateMethod", "04_DelegateMethod\04_DelegateMethod.csproj", "{5B67A092-11A4-4427-8010-9F95C4673777}"
EndProject
Global
	GlobalSection(SolutionConfigurationPlatforms) = preSolution
		Debug|Any CPU = Debug|Any CPU
		Release|Any CPU = Release|Any CPU
	EndGlobalSection
	GlobalSection(ProjectConfigurationPlatforms) = postSolution
		{2E39EB01-D77F-4D2B-A81D-C37FEEF070FD}.Debug|Any CPU.ActiveCfg = Debug|Any CPU
		{2E39EB01-D77F-4D2B-A81D-C37FEEF070FD}.Debug|Any CPU.Build.0 = Debug|Any CPU
		{2E39EB01-D77F-4D2B-A81D-C37FEEF070FD}.Release|Any CPU.ActiveCfg = Release|Any CPU
		{2E39EB01-D77F-4D2B-A81D-C37FEEF070FD}.Release|Any CPU.Build.0 = Release|Any CPU
		{993187DE-B129-4D39-B878-B4A1C249DD68}.Debug|Any CPU.ActiveCfg = Debug|Any CPU
		{993187DE-B129-4D39-B878-B4A1C249DD68}.Debug|Any CPU.Build.0 = Debug|Any CPU
		{993187DE-B129-4D39-B878-B4A1C249DD68}.Release|Any CPU.ActiveCfg = Release|Any CPU
		{993187DE-B129-4D39-B878-B4A1C249DD68}.Release|Any CPU.Build.0 = Release|Any CPU
		{4EBC5D44-50EA-459B-A793-9562B578D87B}.Debug|Any CPU.ActiveCfg = Debug|Any CPU
		{4EBC5D44-50EA-459B-A793-9562B578D87B}.Debug|Any CPU.Build.0 = Debug|Any CPU
		{4EBC5D44-50EA-459B-A793-9562B578D87B}.Release|Any CPU.ActiveCfg = Release|Any CPU
		{4EBC5D44-50EA-459B-A793-9562B578D87B}.Release|Any CPU.Build.0 = Release|Any CPU
		{5B67A092-11A4-4427-8010-9F95C4673777}.Debug|Any CPU.ActiveCfg = Debug|Any CPU
		{5B67A092-11A4-4427-8010-9F95C4673777}.Debug|Any CPU.Build.0 = Debug|Any CPU
		{5B67A092-11A4-4427-8010-9F95C4673777}.Release|Any CPU.ActiveCfg = Release|Any CPU
		{5B67A092-11A4-4427-8010-9F95C4673777}.Release|Any CPU.Build.0 = Release|Any CPU
	EndGlobalSection
	GlobalSection(SolutionProperties) = preSolution
		HideSolutionNode = FALSE
	EndGlobalSection
EndGlobal
