
Microsoft Visual Studio Solution File, Format Version 12.00
# Visual Studio 14
VisualStudioVersion = 14.0.25420.1
MinimumVisualStudioVersion = 10.0.40219.1
Project("{FAE04EC0-301F-11D3-BF4B-00C04F79EFBC}") = "00_Biblioteca", "00_Biblioteca\00_Biblioteca.csproj", "{D147CC7A-41AF-4D61-B210-93699AE13DC8}"
EndProject
Project("{FAE04EC0-301F-11D3-BF4B-00C04F79EFBC}") = "01_SerializarXML", "01_SerializarXML\01_SerializarXML.csproj", "{5EC9C296-1994-4239-9425-3BCCD15AAFC8}"
EndProject
Project("{FAE04EC0-301F-11D3-BF4B-00C04F79EFBC}") = "02_DeserializarXML", "02_DeserializarXML\02_DeserializarXML.csproj", "{001F05D2-0448-4021-8347-276A3B2CCC8E}"
EndProject
Project("{FAE04EC0-301F-11D3-BF4B-00C04F79EFBC}") = "03_SerializarJSON", "03_SerializarJSON\03_SerializarJSON.csproj", "{291A9650-46AA-48E4-8F7D-1B92A2D0FAA2}"
EndProject
Project("{FAE04EC0-301F-11D3-BF4B-00C04F79EFBC}") = "04_DeserializarJSON", "04_DeserializarJSON\04_DeserializarJSON.csproj", "{C693C335-9E15-47E9-B3C3-39AB105D8924}"
EndProject
Global
	GlobalSection(SolutionConfigurationPlatforms) = preSolution
		Debug|Any CPU = Debug|Any CPU
		Release|Any CPU = Release|Any CPU
	EndGlobalSection
	GlobalSection(ProjectConfigurationPlatforms) = postSolution
		{D147CC7A-41AF-4D61-B210-93699AE13DC8}.Debug|Any CPU.ActiveCfg = Debug|Any CPU
		{D147CC7A-41AF-4D61-B210-93699AE13DC8}.Debug|Any CPU.Build.0 = Debug|Any CPU
		{D147CC7A-41AF-4D61-B210-93699AE13DC8}.Release|Any CPU.ActiveCfg = Release|Any CPU
		{D147CC7A-41AF-4D61-B210-93699AE13DC8}.Release|Any CPU.Build.0 = Release|Any CPU
		{5EC9C296-1994-4239-9425-3BCCD15AAFC8}.Debug|Any CPU.ActiveCfg = Debug|Any CPU
		{5EC9C296-1994-4239-9425-3BCCD15AAFC8}.Debug|Any CPU.Build.0 = Debug|Any CPU
		{5EC9C296-1994-4239-9425-3BCCD15AAFC8}.Release|Any CPU.ActiveCfg = Release|Any CPU
		{5EC9C296-1994-4239-9425-3BCCD15AAFC8}.Release|Any CPU.Build.0 = Release|Any CPU
		{001F05D2-0448-4021-8347-276A3B2CCC8E}.Debug|Any CPU.ActiveCfg = Debug|Any CPU
		{001F05D2-0448-4021-8347-276A3B2CCC8E}.Debug|Any CPU.Build.0 = Debug|Any CPU
		{001F05D2-0448-4021-8347-276A3B2CCC8E}.Release|Any CPU.ActiveCfg = Release|Any CPU
		{001F05D2-0448-4021-8347-276A3B2CCC8E}.Release|Any CPU.Build.0 = Release|Any CPU
		{291A9650-46AA-48E4-8F7D-1B92A2D0FAA2}.Debug|Any CPU.ActiveCfg = Debug|Any CPU
		{291A9650-46AA-48E4-8F7D-1B92A2D0FAA2}.Debug|Any CPU.Build.0 = Debug|Any CPU
		{291A9650-46AA-48E4-8F7D-1B92A2D0FAA2}.Release|Any CPU.ActiveCfg = Release|Any CPU
		{291A9650-46AA-48E4-8F7D-1B92A2D0FAA2}.Release|Any CPU.Build.0 = Release|Any CPU
		{C693C335-9E15-47E9-B3C3-39AB105D8924}.Debug|Any CPU.ActiveCfg = Debug|Any CPU
		{C693C335-9E15-47E9-B3C3-39AB105D8924}.Debug|Any CPU.Build.0 = Debug|Any CPU
		{C693C335-9E15-47E9-B3C3-39AB105D8924}.Release|Any CPU.ActiveCfg = Release|Any CPU
		{C693C335-9E15-47E9-B3C3-39AB105D8924}.Release|Any CPU.Build.0 = Release|Any CPU
	EndGlobalSection
	GlobalSection(SolutionProperties) = preSolution
		HideSolutionNode = FALSE
	EndGlobalSection
EndGlobal
